{
  "name": "public-agent-huobi-websocket",
  "version": "0.0.1",
  "lockfileVersion": 1,
  "requires": true,
  "dependencies": {
    "@types/bluebird": {
      "version": "3.5.28",
      "resolved": "https://registry.npm.taobao.org/@types/bluebird/download/@types/bluebird-3.5.28.tgz",
      "integrity": "sha1-BMGlIP8HZkkja8jKIRmFQs4r2wk="
    },
    "@types/fs-extra": {
      "version": "8.0.1",
      "resolved": "https://registry.npm.taobao.org/@types/fs-extra/download/@types/fs-extra-8.0.1.tgz?cache=0&sync_timestamp=1571247638624&other_urls=https%3A%2F%2Fregistry.npm.taobao.org%2F%40types%2Ffs-extra%2Fdownload%2F%40types%2Ffs-extra-8.0.1.tgz",
      "integrity": "sha1-ojeNbn6K/qFWTkSq+i4gfa33doY=",
      "requires": {
        "@types/node": "*"
      }
    },
    "@types/node": {
      "version": "12.11.1",
      "resolved": "https://registry.npm.taobao.org/@types/node/download/@types/node-12.11.1.tgz?cache=0&sync_timestamp=1571183972817&other_urls=https%3A%2F%2Fregistry.npm.taobao.org%2F%40types%2Fnode%2Fdownload%2F%40types%2Fnode-12.11.1.tgz",
      "integrity": "sha1-H9e4IfeYt/op9mehvo80QruJIqM="
    },
    "@types/ws": {
      "version": "6.0.3",
      "resolved": "https://registry.npm.taobao.org/@types/ws/download/@types/ws-6.0.3.tgz",
      "integrity": "sha1-t3I3W6WdeQZlYcjYdQAUTWdLprM=",
      "requires": {
        "@types/node": "*"
      }
    },
    "async-limiter": {
      "version": "1.0.1",
      "resolved": "https://registry.npm.taobao.org/async-limiter/download/async-limiter-1.0.1.tgz",
      "integrity": "sha1-3TeelPDbgxCwgpH51kwyCXZmF/0="
    },
    "autobind-decorator": {
      "version": "2.4.0",
      "resolved": "https://registry.npm.taobao.org/autobind-decorator/download/autobind-decorator-2.4.0.tgz",
      "integrity": "sha1-6p4cmHCM87WzVvfPnxDyZf8YI5w="
    },
    "autonomous": {
      "version": "git+https://github.com/zimtsui/autonomous.git#eef1937f5bf61c458363919873314b91c8017b37",
      "from": "git+https://github.com/zimtsui/autonomous.git",
      "requires": {
        "@types/bluebird": "^3.5.27",
        "@types/node": "^12.6.8",
        "autobind-decorator": "^2.4.0"
      }
    },
    "bignumber.js": {
      "version": "7.2.1",
      "resolved": "https://registry.npm.taobao.org/bignumber.js/download/bignumber.js-7.2.1.tgz",
      "integrity": "sha1-gMBIdZ2CaACAfEv9Uh5Q7bulel8="
    },
    "colors": {
      "version": "1.4.0",
      "resolved": "https://registry.npm.taobao.org/colors/download/colors-1.4.0.tgz",
      "integrity": "sha1-xQSRR51MG9rtLJztMs98fcI2D3g="
    },
    "fs-extra": {
      "version": "8.1.0",
      "resolved": "https://registry.npm.taobao.org/fs-extra/download/fs-extra-8.1.0.tgz",
      "integrity": "sha1-SdQ8RaiM2Wd2aMt74bRu/bjS4cA=",
      "requires": {
        "graceful-fs": "^4.2.0",
        "jsonfile": "^4.0.0",
        "universalify": "^0.1.0"
      }
    },
    "graceful-fs": {
      "version": "4.2.2",
      "resolved": "https://registry.npm.taobao.org/graceful-fs/download/graceful-fs-4.2.2.tgz",
      "integrity": "sha1-bwlSYF0BQMHP2xOO0AV3W5LWewI="
    },
    "interfaces": {
      "version": "git+https://github.com/zimtsui/interfaces.git#ee76d70e9d875f42ab975834841349ec6bc45f10",
      "from": "git+https://github.com/zimtsui/interfaces.git"
    },
    "json-bigint": {
      "version": "0.3.0",
      "resolved": "https://registry.npm.taobao.org/json-bigint/download/json-bigint-0.3.0.tgz",
      "integrity": "sha1-DM2RLEuCcNBfBW+9E4FLU9OCWx4=",
      "requires": {
        "bignumber.js": "^7.0.0"
      }
    },
    "jsonfile": {
      "version": "4.0.0",
      "resolved": "https://registry.npm.taobao.org/jsonfile/download/jsonfile-4.0.0.tgz",
      "integrity": "sha1-h3Gq4HmbZAdrdmQPygWPnBDjPss=",
      "requires": {
        "graceful-fs": "^4.1.6"
      }
    },
    "kitajs": {
      "version": "git+https://github.com/zimtsui/kitajs.git#286320fc683d0507fb1868f9dc2b6f16106b6af0",
      "from": "git+https://github.com/zimtsui/kitajs.git",
      "requires": {
        "@types/node": "^12.7.8"
      }
    },
    "pandora-kita": {
      "version": "git+https://github.com/zimtsui/pandora-kita.git#cd071c369c815f7645c32b306fe3f667dcd2b662",
      "from": "git+https://github.com/zimtsui/pandora-kita.git",
      "requires": {
        "colors": "^1.4.0",
        "kitajs": "git+https://github.com/zimtsui/kitajs.git"
      }
    },
    "typescript": {
      "version": "3.6.4",
      "resolved": "https://registry.npm.taobao.org/typescript/download/typescript-3.6.4.tgz",
      "integrity": "sha1-sYdSuzeSvBoCgTNff26/G7/FuR0=",
      "dev": true
    },
    "universalify": {
      "version": "0.1.2",
      "resolved": "https://registry.npm.taobao.org/universalify/download/universalify-0.1.2.tgz",
      "integrity": "sha1-tkb2m+OULavOzJ1mOcgNwQXvqmY="
    },
    "ws": {
      "version": "7.1.2",
      "resolved": "https://registry.npm.taobao.org/ws/download/ws-7.1.2.tgz",
      "integrity": "sha1-xnLRYp3ouyepaZ61mb5Hru7dj3M=",
      "requires": {
        "async-limiter": "^1.0.0"
      }
    }
  }
}
