{
  "name": "public-agent-huobi-websocket",
  "version": "0.0.1",
  "lockfileVersion": 1,
  "requires": true,
  "dependencies": {
    "@types/chai": {
      "version": "4.2.3",
      "resolved": "https://registry.npm.taobao.org/@types/chai/download/@types/chai-4.2.3.tgz?cache=0&sync_timestamp=1568718139991&other_urls=https%3A%2F%2Fregistry.npm.taobao.org%2F%40types%2Fchai%2Fdownload%2F%40types%2Fchai-4.2.3.tgz",
      "integrity": "sha1-QZR3o9UgK60Z4Ux4eUCmHcnqZAc="
    },
    "@types/fs-extra": {
      "version": "8.0.1",
      "resolved": "https://registry.npm.taobao.org/@types/fs-extra/download/@types/fs-extra-8.0.1.tgz?cache=0&sync_timestamp=1571247638624&other_urls=https%3A%2F%2Fregistry.npm.taobao.org%2F%40types%2Ffs-extra%2Fdownload%2F%40types%2Ffs-extra-8.0.1.tgz",
      "integrity": "sha1-ojeNbn6K/qFWTkSq+i4gfa33doY=",
      "requires": {
        "@types/node": "*"
      }
    },
    "@types/lodash": {
      "version": "4.14.144",
      "resolved": "https://registry.npm.taobao.org/@types/lodash/download/@types/lodash-4.14.144.tgz",
      "integrity": "sha1-EuV/yZBkvOReWrPIvEeD/rdeq44="
    },
    "@types/node": {
      "version": "12.11.1",
      "resolved": "https://registry.npm.taobao.org/@types/node/download/@types/node-12.11.1.tgz?cache=0&sync_timestamp=1571183972817&other_urls=https%3A%2F%2Fregistry.npm.taobao.org%2F%40types%2Fnode%2Fdownload%2F%40types%2Fnode-12.11.1.tgz",
      "integrity": "sha1-H9e4IfeYt/op9mehvo80QruJIqM="
    },
    "@types/ws": {
      "version": "6.0.3",
      "resolved": "https://registry.npm.taobao.org/@types/ws/download/@types/ws-6.0.3.tgz",
      "integrity": "sha1-t3I3W6WdeQZlYcjYdQAUTWdLprM=",
      "requires": {
        "@types/node": "*"
      }
    },
    "assertion-error": {
      "version": "1.1.0",
      "resolved": "https://registry.npm.taobao.org/assertion-error/download/assertion-error-1.1.0.tgz",
      "integrity": "sha1-5gtrDo8wG9l+U3UhW9pAbIURjAs="
    },
    "async-limiter": {
      "version": "1.0.1",
      "resolved": "https://registry.npm.taobao.org/async-limiter/download/async-limiter-1.0.1.tgz",
      "integrity": "sha1-3TeelPDbgxCwgpH51kwyCXZmF/0="
    },
    "autobind-decorator": {
      "version": "2.4.0",
      "resolved": "https://registry.npm.taobao.org/autobind-decorator/download/autobind-decorator-2.4.0.tgz",
      "integrity": "sha1-6p4cmHCM87WzVvfPnxDyZf8YI5w="
    },
    "autonomous": {
      "version": "git+https://github.com/zimtsui/autonomous.git#449a5fc3faf08966f4ee06297ba9a8262c40ef79",
      "from": "git+https://github.com/zimtsui/autonomous.git",
      "requires": {
        "@types/chai": "^4.2.3",
        "@types/node": "^12.11.1",
        "autobind-decorator": "^2.4.0",
        "chai": "^4.2.0"
      }
    },
    "bignumber.js": {
      "version": "7.2.1",
      "resolved": "https://registry.npm.taobao.org/bignumber.js/download/bignumber.js-7.2.1.tgz",
      "integrity": "sha1-gMBIdZ2CaACAfEv9Uh5Q7bulel8="
    },
    "buffer-from": {
      "version": "1.1.1",
      "resolved": "https://registry.npm.taobao.org/buffer-from/download/buffer-from-1.1.1.tgz",
      "integrity": "sha1-MnE7wCj3XAL9txDXx7zsHyxgcO8=",
      "dev": true
    },
    "chai": {
      "version": "4.2.0",
      "resolved": "https://registry.npm.taobao.org/chai/download/chai-4.2.0.tgz",
      "integrity": "sha1-dgqnLPION5XoSxKHfODoNzeqKeU=",
      "requires": {
        "assertion-error": "^1.1.0",
        "check-error": "^1.0.2",
        "deep-eql": "^3.0.1",
        "get-func-name": "^2.0.0",
        "pathval": "^1.1.0",
        "type-detect": "^4.0.5"
      }
    },
    "check-error": {
      "version": "1.0.2",
      "resolved": "https://registry.npm.taobao.org/check-error/download/check-error-1.0.2.tgz",
      "integrity": "sha1-V00xLt2Iu13YkS6Sht1sCu1KrII="
    },
    "colors": {
      "version": "1.4.0",
      "resolved": "https://registry.npm.taobao.org/colors/download/colors-1.4.0.tgz",
      "integrity": "sha1-xQSRR51MG9rtLJztMs98fcI2D3g="
    },
    "deep-eql": {
      "version": "3.0.1",
      "resolved": "https://registry.npm.taobao.org/deep-eql/download/deep-eql-3.0.1.tgz",
      "integrity": "sha1-38lARACtHI/gI+faHfHBR8S0RN8=",
      "requires": {
        "type-detect": "^4.0.0"
      }
    },
    "fs-extra": {
      "version": "8.1.0",
      "resolved": "https://registry.npm.taobao.org/fs-extra/download/fs-extra-8.1.0.tgz",
      "integrity": "sha1-SdQ8RaiM2Wd2aMt74bRu/bjS4cA=",
      "requires": {
        "graceful-fs": "^4.2.0",
        "jsonfile": "^4.0.0",
        "universalify": "^0.1.0"
      }
    },
    "get-func-name": {
      "version": "2.0.0",
      "resolved": "https://registry.npm.taobao.org/get-func-name/download/get-func-name-2.0.0.tgz",
      "integrity": "sha1-6td0q+5y4gQJQzoGY2YCPdaIekE="
    },
    "graceful-fs": {
      "version": "4.2.2",
      "resolved": "https://registry.npm.taobao.org/graceful-fs/download/graceful-fs-4.2.2.tgz",
      "integrity": "sha1-bwlSYF0BQMHP2xOO0AV3W5LWewI="
    },
    "interfaces": {
      "version": "git+https://github.com/zimtsui/interfaces.git#ee76d70e9d875f42ab975834841349ec6bc45f10",
      "from": "git+https://github.com/zimtsui/interfaces.git"
    },
    "json-bigint": {
      "version": "0.3.0",
      "resolved": "https://registry.npm.taobao.org/json-bigint/download/json-bigint-0.3.0.tgz",
      "integrity": "sha1-DM2RLEuCcNBfBW+9E4FLU9OCWx4=",
      "requires": {
        "bignumber.js": "^7.0.0"
      }
    },
    "jsonfile": {
      "version": "4.0.0",
      "resolved": "https://registry.npm.taobao.org/jsonfile/download/jsonfile-4.0.0.tgz",
      "integrity": "sha1-h3Gq4HmbZAdrdmQPygWPnBDjPss=",
      "requires": {
        "graceful-fs": "^4.1.6"
      }
    },
    "kitajs": {
      "version": "git+https://github.com/zimtsui/kitajs.git#286320fc683d0507fb1868f9dc2b6f16106b6af0",
      "from": "git+https://github.com/zimtsui/kitajs.git",
      "requires": {
        "@types/node": "^12.7.8"
      }
    },
    "lodash": {
      "version": "4.17.15",
      "resolved": "https://registry.npm.taobao.org/lodash/download/lodash-4.17.15.tgz",
      "integrity": "sha1-tEf2ZwoEVbv+7dETku/zMOoJdUg="
    },
    "pandora-kita": {
      "version": "git+https://github.com/zimtsui/pandora-kita.git#cd071c369c815f7645c32b306fe3f667dcd2b662",
      "from": "git+https://github.com/zimtsui/pandora-kita.git",
      "requires": {
        "colors": "^1.4.0",
        "kitajs": "git+https://github.com/zimtsui/kitajs.git"
      }
    },
    "pathval": {
      "version": "1.1.0",
      "resolved": "https://registry.npm.taobao.org/pathval/download/pathval-1.1.0.tgz",
      "integrity": "sha1-uULm1L3mUwBe9rcTYd74cn0GReA="
    },
    "source-map": {
      "version": "0.6.1",
      "resolved": "https://registry.npm.taobao.org/source-map/download/source-map-0.6.1.tgz",
      "integrity": "sha1-dHIq8y6WFOnCh6jQu95IteLxomM=",
      "dev": true
    },
    "source-map-support": {
      "version": "0.5.13",
      "resolved": "https://registry.npm.taobao.org/source-map-support/download/source-map-support-0.5.13.tgz?cache=0&sync_timestamp=1564565500102&other_urls=https%3A%2F%2Fregistry.npm.taobao.org%2Fsource-map-support%2Fdownload%2Fsource-map-support-0.5.13.tgz",
      "integrity": "sha1-MbJKnC5zwt6FBmwP631Edn7VKTI=",
      "dev": true,
      "requires": {
        "buffer-from": "^1.0.0",
        "source-map": "^0.6.0"
      }
    },
    "type-detect": {
      "version": "4.0.8",
      "resolved": "https://registry.npm.taobao.org/type-detect/download/type-detect-4.0.8.tgz",
      "integrity": "sha1-dkb7XxiHHPu3dJ5pvTmmOI63RQw="
    },
    "typescript": {
      "version": "3.6.4",
      "resolved": "https://registry.npm.taobao.org/typescript/download/typescript-3.6.4.tgz",
      "integrity": "sha1-sYdSuzeSvBoCgTNff26/G7/FuR0=",
      "dev": true
    },
    "universalify": {
      "version": "0.1.2",
      "resolved": "https://registry.npm.taobao.org/universalify/download/universalify-0.1.2.tgz",
      "integrity": "sha1-tkb2m+OULavOzJ1mOcgNwQXvqmY="
    },
    "ws": {
      "version": "7.1.2",
      "resolved": "https://registry.npm.taobao.org/ws/download/ws-7.1.2.tgz",
      "integrity": "sha1-xnLRYp3ouyepaZ61mb5Hru7dj3M=",
      "requires": {
        "async-limiter": "^1.0.0"
      }
    }
  }
}
